
Microsoft Visual Studio Solution File, Format Version 12.00
# Visual Studio Version 16
VisualStudioVersion = 16.0.30011.22
MinimumVisualStudioVersion = 10.0.40219.1
Project("{FAE04EC0-301F-11D3-BF4B-00C04F79EFBC}") = "Twitter Auto  Alt Text", "Twitter Auto  Alt Text\Twitter Auto  Alt Text.csproj", "{103E73B3-9BF9-4949-ADFD-8EC9BF1889DE}"
EndProject
Global
	GlobalSection(SolutionConfigurationPlatforms) = preSolution
		Debug|Any CPU = Debug|Any CPU
		Release|Any CPU = Release|Any CPU
	EndGlobalSection
	GlobalSection(ProjectConfigurationPlatforms) = postSolution
		{103E73B3-9BF9-4949-ADFD-8EC9BF1889DE}.Debug|Any CPU.ActiveCfg = Debug|Any CPU
		{103E73B3-9BF9-4949-ADFD-8EC9BF1889DE}.Debug|Any CPU.Build.0 = Debug|Any CPU
		{103E73B3-9BF9-4949-ADFD-8EC9BF1889DE}.Release|Any CPU.ActiveCfg = Release|Any CPU
		{103E73B3-9BF9-4949-ADFD-8EC9BF1889DE}.Release|Any CPU.Build.0 = Release|Any CPU
	EndGlobalSection
	GlobalSection(SolutionProperties) = preSolution
		HideSolutionNode = FALSE
	EndGlobalSection
	GlobalSection(ExtensibilityGlobals) = postSolution
		SolutionGuid = {7F1AA755-F8A8-4543-B19A-505CD28ACE0C}
	EndGlobalSection
EndGlobal
